// !$*UTF8*$!
{
	archiveVersion = 1;
	classes = {
	};
	objectVersion = 55;
	objects = {

/* Begin PBXBuildFile section */
		120FF5AD276CE3F3008BED80 /* AppDelegate.swift in Sources */ = {isa = PBXBuildFile; fileRef = 120FF5AC276CE3F3008BED80 /* AppDelegate.swift */; };
		120FF5AF276CE3F3008BED80 /* SceneDelegate.swift in Sources */ = {isa = PBXBuildFile; fileRef = 120FF5AE276CE3F3008BED80 /* SceneDelegate.swift */; };
		120FF5B1276CE3F3008BED80 /* ViewController.swift in Sources */ = {isa = PBXBuildFile; fileRef = 120FF5B0276CE3F3008BED80 /* ViewController.swift */; };
		120FF5B4276CE3F3008BED80 /* Main.storyboard in Resources */ = {isa = PBXBuildFile; fileRef = 120FF5B2276CE3F3008BED80 /* Main.storyboard */; };
		120FF5B6276CE3F4008BED80 /* Assets.xcassets in Resources */ = {isa = PBXBuildFile; fileRef = 120FF5B5276CE3F4008BED80 /* Assets.xcassets */; };
		120FF5B9276CE3F4008BED80 /* LaunchScreen.storyboard in Resources */ = {isa = PBXBuildFile; fileRef = 120FF5B7276CE3F4008BED80 /* LaunchScreen.storyboard */; };
		120FF5C4276CE3F5008BED80 /* intripTests.swift in Sources */ = {isa = PBXBuildFile; fileRef = 120FF5C3276CE3F5008BED80 /* intripTests.swift */; };
		120FF5CE276CE3F5008BED80 /* intripUITests.swift in Sources */ = {isa = PBXBuildFile; fileRef = 120FF5CD276CE3F5008BED80 /* intripUITests.swift */; };
		120FF5D0276CE3F5008BED80 /* intripUITestsLaunchTests.swift in Sources */ = {isa = PBXBuildFile; fileRef = 120FF5CF276CE3F5008BED80 /* intripUITestsLaunchTests.swift */; };
/* End PBXBuildFile section */

/* Begin PBXContainerItemProxy section */
		120FF5C0276CE3F5008BED80 /* PBXContainerItemProxy */ = {
			isa = PBXContainerItemProxy;
			containerPortal = 120FF5A1276CE3F3008BED80 /* Project object */;
			proxyType = 1;
			remoteGlobalIDString = 120FF5A8276CE3F3008BED80;
			remoteInfo = intrip;
		};
		120FF5CA276CE3F5008BED80 /* PBXContainerItemProxy */ = {
			isa = PBXContainerItemProxy;
			containerPortal = 120FF5A1276CE3F3008BED80 /* Project object */;
			proxyType = 1;
			remoteGlobalIDString = 120FF5A8276CE3F3008BED80;
			remoteInfo = intrip;
		};
/* End PBXContainerItemProxy section */

/* Begin PBXFileReference section */
		120FF5A9276CE3F3008BED80 /* intrip.app */ = {isa = PBXFileReference; explicitFileType = wrapper.application; includeInIndex = 0; path = intrip.app; sourceTree = BUILT_PRODUCTS_DIR; };
		120FF5AC276CE3F3008BED80 /* AppDelegate.swift */ = {isa = PBXFileReference; lastKnownFileType = sourcecode.swift; path = AppDelegate.swift; sourceTree = "<group>"; };
		120FF5AE276CE3F3008BED80 /* SceneDelegate.swift */ = {isa = PBXFileReference; lastKnownFileType = sourcecode.swift; path = SceneDelegate.swift; sourceTree = "<group>"; };
		120FF5B0276CE3F3008BED80 /* ViewController.swift */ = {isa = PBXFileReference; lastKnownFileType = sourcecode.swift; path = ViewController.swift; sourceTree = "<group>"; };
		120FF5B3276CE3F3008BED80 /* Base */ = {isa = PBXFileReference; lastKnownFileType = file.storyboard; name = Base; path = Base.lproj/Main.storyboard; sourceTree = "<group>"; };
		120FF5B5276CE3F4008BED80 /* Assets.xcassets */ = {isa = PBXFileReference; lastKnownFileType = folder.assetcatalog; path = Assets.xcassets; sourceTree = "<group>"; };
		120FF5B8276CE3F4008BED80 /* Base */ = {isa = PBXFileReference; lastKnownFileType = file.storyboard; name = Base; path = Base.lproj/LaunchScreen.storyboard; sourceTree = "<group>"; };
		120FF5BA276CE3F4008BED80 /* Info.plist */ = {isa = PBXFileReference; lastKnownFileType = text.plist.xml; path = Info.plist; sourceTree = "<group>"; };
		120FF5BF276CE3F5008BED80 /* intripTests.xctest */ = {isa = PBXFileReference; explicitFileType = wrapper.cfbundle; includeInIndex = 0; path = intripTests.xctest; sourceTree = BUILT_PRODUCTS_DIR; };
		120FF5C3276CE3F5008BED80 /* intripTests.swift */ = {isa = PBXFileReference; lastKnownFileType = sourcecode.swift; path = intripTests.swift; sourceTree = "<group>"; };
		120FF5C9276CE3F5008BED80 /* intripUITests.xctest */ = {isa = PBXFileReference; explicitFileType = wrapper.cfbundle; includeInIndex = 0; path = intripUITests.xctest; sourceTree = BUILT_PRODUCTS_DIR; };
		120FF5CD276CE3F5008BED80 /* intripUITests.swift */ = {isa = PBXFileReference; lastKnownFileType = sourcecode.swift; path = intripUITests.swift; sourceTree = "<group>"; };
		120FF5CF276CE3F5008BED80 /* intripUITestsLaunchTests.swift */ = {isa = PBXFileReference; lastKnownFileType = sourcecode.swift; path = intripUITestsLaunchTests.swift; sourceTree = "<group>"; };
/* End PBXFileReference section */

/* Begin PBXFrameworksBuildPhase section */
		120FF5A6276CE3F3008BED80 /* Frameworks */ = {
			isa = PBXFrameworksBuildPhase;
			buildActionMask = 2147483647;
			files = (
			);
			runOnlyForDeploymentPostprocessing = 0;
		};
		120FF5BC276CE3F5008BED80 /* Frameworks */ = {
			isa = PBXFrameworksBuildPhase;
			buildActionMask = 2147483647;
			files = (
			);
			runOnlyForDeploymentPostprocessing = 0;
		};
		120FF5C6276CE3F5008BED80 /* Frameworks */ = {
			isa = PBXFrameworksBuildPhase;
			buildActionMask = 2147483647;
			files = (
			);
			runOnlyForDeploymentPostprocessing = 0;
		};
/* End PBXFrameworksBuildPhase section */

/* Begin PBXGroup section */
		120FF5A0276CE3F3008BED80 = {
			isa = PBXGroup;
			children = (
				120FF5AB276CE3F3008BED80 /* intrip */,
				120FF5C2276CE3F5008BED80 /* intripTests */,
				120FF5CC276CE3F5008BED80 /* intripUITests */,
				120FF5AA276CE3F3008BED80 /* Products */,
			);
			sourceTree = "<group>";
		};
		120FF5AA276CE3F3008BED80 /* Products */ = {
			isa = PBXGroup;
			children = (
				120FF5A9276CE3F3008BED80 /* intrip.app */,
				120FF5BF276CE3F5008BED80 /* intripTests.xctest */,
				120FF5C9276CE3F5008BED80 /* intripUITests.xctest */,
			);
			name = Products;
			sourceTree = "<group>";
		};
		120FF5AB276CE3F3008BED80 /* intrip */ = {
			isa = PBXGroup;
			children = (
				120FF5AC276CE3F3008BED80 /* AppDelegate.swift */,
				120FF5AE276CE3F3008BED80 /* SceneDelegate.swift */,
				120FF5B0276CE3F3008BED80 /* ViewController.swift */,
				120FF5B2276CE3F3008BED80 /* Main.storyboard */,
				120FF5B5276CE3F4008BED80 /* Assets.xcassets */,
				120FF5B7276CE3F4008BED80 /* LaunchScreen.storyboard */,
				120FF5BA276CE3F4008BED80 /* Info.plist */,
			);
			path = intrip;
			sourceTree = "<group>";
		};
		120FF5C2276CE3F5008BED80 /* intripTests */ = {
			isa = PBXGroup;
			children = (
				120FF5C3276CE3F5008BED80 /* intripTests.swift */,
			);
			path = intripTests;
			sourceTree = "<group>";
		};
		120FF5CC276CE3F5008BED80 /* intripUITests */ = {
			isa = PBXGroup;
			children = (
				120FF5CD276CE3F5008BED80 /* intripUITests.swift */,
				120FF5CF276CE3F5008BED80 /* intripUITestsLaunchTests.swift */,
			);
			path = intripUITests;
			sourceTree = "<group>";
		};
/* End PBXGroup section */

/* Begin PBXNativeTarget section */
		120FF5A8276CE3F3008BED80 /* intrip */ = {
			isa = PBXNativeTarget;
			buildConfigurationList = 120FF5D3276CE3F5008BED80 /* Build configuration list for PBXNativeTarget "intrip" */;
			buildPhases = (
				120FF5A5276CE3F3008BED80 /* Sources */,
				120FF5A6276CE3F3008BED80 /* Frameworks */,
				120FF5A7276CE3F3008BED80 /* Resources */,
			);
			buildRules = (
			);
			dependencies = (
			);
			name = intrip;
			productName = intrip;
			productReference = 120FF5A9276CE3F3008BED80 /* intrip.app */;
			productType = "com.apple.product-type.application";
		};
		120FF5BE276CE3F5008BED80 /* intripTests */ = {
			isa = PBXNativeTarget;
			buildConfigurationList = 120FF5D6276CE3F5008BED80 /* Build configuration list for PBXNativeTarget "intripTests" */;
			buildPhases = (
				120FF5BB276CE3F5008BED80 /* Sources */,
				120FF5BC276CE3F5008BED80 /* Frameworks */,
				120FF5BD276CE3F5008BED80 /* Resources */,
			);
			buildRules = (
			);
			dependencies = (
				120FF5C1276CE3F5008BED80 /* PBXTargetDependency */,
			);
			name = intripTests;
			productName = intripTests;
			productReference = 120FF5BF276CE3F5008BED80 /* intripTests.xctest */;
			productType = "com.apple.product-type.bundle.unit-test";
		};
		120FF5C8276CE3F5008BED80 /* intripUITests */ = {
			isa = PBXNativeTarget;
			buildConfigurationList = 120FF5D9276CE3F5008BED80 /* Build configuration list for PBXNativeTarget "intripUITests" */;
			buildPhases = (
				120FF5C5276CE3F5008BED80 /* Sources */,
				120FF5C6276CE3F5008BED80 /* Frameworks */,
				120FF5C7276CE3F5008BED80 /* Resources */,
			);
			buildRules = (
			);
			dependencies = (
				120FF5CB276CE3F5008BED80 /* PBXTargetDependency */,
			);
			name = intripUITests;
			productName = intripUITests;
			productReference = 120FF5C9276CE3F5008BED80 /* intripUITests.xctest */;
			productType = "com.apple.product-type.bundle.ui-testing";
		};
/* End PBXNativeTarget section */

/* Begin PBXProject section */
		120FF5A1276CE3F3008BED80 /* Project object */ = {
			isa = PBXProject;
			attributes = {
				BuildIndependentTargetsInParallel = 1;
				LastSwiftUpdateCheck = 1320;
				LastUpgradeCheck = 1320;
				TargetAttributes = {
					120FF5A8276CE3F3008BED80 = {
						CreatedOnToolsVersion = 13.2;
					};
					120FF5BE276CE3F5008BED80 = {
						CreatedOnToolsVersion = 13.2;
						TestTargetID = 120FF5A8276CE3F3008BED80;
					};
					120FF5C8276CE3F5008BED80 = {
						CreatedOnToolsVersion = 13.2;
						TestTargetID = 120FF5A8276CE3F3008BED80;
					};
				};
			};
			buildConfigurationList = 120FF5A4276CE3F3008BED80 /* Build configuration list for PBXProject "intrip" */;
			compatibilityVersion = "Xcode 13.0";
			developmentRegion = en;
			hasScannedForEncodings = 0;
			knownRegions = (
				en,
				Base,
			);
			mainGroup = 120FF5A0276CE3F3008BED80;
			productRefGroup = 120FF5AA276CE3F3008BED80 /* Products */;
			projectDirPath = "";
			projectRoot = "";
			targets = (
				120FF5A8276CE3F3008BED80 /* intrip */,
				120FF5BE276CE3F5008BED80 /* intripTests */,
				120FF5C8276CE3F5008BED80 /* intripUITests */,
			);
		};
/* End PBXProject section */

/* Begin PBXResourcesBuildPhase section */
		120FF5A7276CE3F3008BED80 /* Resources */ = {
			isa = PBXResourcesBuildPhase;
			buildActionMask = 2147483647;
			files = (
				120FF5B9276CE3F4008BED80 /* LaunchScreen.storyboard in Resources */,
				120FF5B6276CE3F4008BED80 /* Assets.xcassets in Resources */,
				120FF5B4276CE3F3008BED80 /* Main.storyboard in Resources */,
			);
			runOnlyForDeploymentPostprocessing = 0;
		};
		120FF5BD276CE3F5008BED80 /* Resources */ = {
			isa = PBXResourcesBuildPhase;
			buildActionMask = 2147483647;
			files = (
			);
			runOnlyForDeploymentPostprocessing = 0;
		};
		120FF5C7276CE3F5008BED80 /* Resources */ = {
			isa = PBXResourcesBuildPhase;
			buildActionMask = 2147483647;
			files = (
			);
			runOnlyForDeploymentPostprocessing = 0;
		};
/* End PBXResourcesBuildPhase section */

/* Begin PBXSourcesBuildPhase section */
		120FF5A5276CE3F3008BED80 /* Sources */ = {
			isa = PBXSourcesBuildPhase;
			buildActionMask = 2147483647;
			files = (
				120FF5B1276CE3F3008BED80 /* ViewController.swift in Sources */,
				120FF5AD276CE3F3008BED80 /* AppDelegate.swift in Sources */,
				120FF5AF276CE3F3008BED80 /* SceneDelegate.swift in Sources */,
			);
			runOnlyForDeploymentPostprocessing = 0;
		};
		120FF5BB276CE3F5008BED80 /* Sources */ = {
			isa = PBXSourcesBuildPhase;
			buildActionMask = 2147483647;
			files = (
				120FF5C4276CE3F5008BED80 /* intripTests.swift in Sources */,
			);
			runOnlyForDeploymentPostprocessing = 0;
		};
		120FF5C5276CE3F5008BED80 /* Sources */ = {
			isa = PBXSourcesBuildPhase;
			buildActionMask = 2147483647;
			files = (
				120FF5D0276CE3F5008BED80 /* intripUITestsLaunchTests.swift in Sources */,
				120FF5CE276CE3F5008BED80 /* intripUITests.swift in Sources */,
			);
			runOnlyForDeploymentPostprocessing = 0;
		};
/* End PBXSourcesBuildPhase section */

/* Begin PBXTargetDependency section */
		120FF5C1276CE3F5008BED80 /* PBXTargetDependency */ = {
			isa = PBXTargetDependency;
			target = 120FF5A8276CE3F3008BED80 /* intrip */;
			targetProxy = 120FF5C0276CE3F5008BED80 /* PBXContainerItemProxy */;
		};
		120FF5CB276CE3F5008BED80 /* PBXTargetDependency */ = {
			isa = PBXTargetDependency;
			target = 120FF5A8276CE3F3008BED80 /* intrip */;
			targetProxy = 120FF5CA276CE3F5008BED80 /* PBXContainerItemProxy */;
		};
/* End PBXTargetDependency section */

/* Begin PBXVariantGroup section */
		120FF5B2276CE3F3008BED80 /* Main.storyboard */ = {
			isa = PBXVariantGroup;
			children = (
				120FF5B3276CE3F3008BED80 /* Base */,
			);
			name = Main.storyboard;
			sourceTree = "<group>";
		};
		120FF5B7276CE3F4008BED80 /* LaunchScreen.storyboard */ = {
			isa = PBXVariantGroup;
			children = (
				120FF5B8276CE3F4008BED80 /* Base */,
			);
			name = LaunchScreen.storyboard;
			sourceTree = "<group>";
		};
/* End PBXVariantGroup section */

/* Begin XCBuildConfiguration section */
		120FF5D1276CE3F5008BED80 /* Debug */ = {
			isa = XCBuildConfiguration;
			buildSettings = {
				ALWAYS_SEARCH_USER_PATHS = NO;
				CLANG_ANALYZER_NONNULL = YES;
				CLANG_ANALYZER_NUMBER_OBJECT_CONVERSION = YES_AGGRESSIVE;
				CLANG_CXX_LANGUAGE_STANDARD = "gnu++17";
				CLANG_CXX_LIBRARY = "libc++";
				CLANG_ENABLE_MODULES = YES;
				CLANG_ENABLE_OBJC_ARC = YES;
				CLANG_ENABLE_OBJC_WEAK = YES;
				CLANG_WARN_BLOCK_CAPTURE_AUTORELEASING = YES;
				CLANG_WARN_BOOL_CONVERSION = YES;
				CLANG_WARN_COMMA = YES;
				CLANG_WARN_CONSTANT_CONVERSION = YES;
				CLANG_WARN_DEPRECATED_OBJC_IMPLEMENTATIONS = YES;
				CLANG_WARN_DIRECT_OBJC_ISA_USAGE = YES_ERROR;
				CLANG_WARN_DOCUMENTATION_COMMENTS = YES;
				CLANG_WARN_EMPTY_BODY = YES;
				CLANG_WARN_ENUM_CONVERSION = YES;
				CLANG_WARN_INFINITE_RECURSION = YES;
				CLANG_WARN_INT_CONVERSION = YES;
				CLANG_WARN_NON_LITERAL_NULL_CONVERSION = YES;
				CLANG_WARN_OBJC_IMPLICIT_RETAIN_SELF = YES;
				CLANG_WARN_OBJC_LITERAL_CONVERSION = YES;
				CLANG_WARN_OBJC_ROOT_CLASS = YES_ERROR;
				CLANG_WARN_QUOTED_INCLUDE_IN_FRAMEWORK_HEADER = YES;
				CLANG_WARN_RANGE_LOOP_ANALYSIS = YES;
				CLANG_WARN_STRICT_PROTOTYPES = YES;
				CLANG_WARN_SUSPICIOUS_MOVE = YES;
				CLANG_WARN_UNGUARDED_AVAILABILITY = YES_AGGRESSIVE;
				CLANG_WARN_UNREACHABLE_CODE = YES;
				CLANG_WARN__DUPLICATE_METHOD_MATCH = YES;
				COPY_PHASE_STRIP = NO;
				DEBUG_INFORMATION_FORMAT = dwarf;
				ENABLE_STRICT_OBJC_MSGSEND = YES;
				ENABLE_TESTABILITY = YES;
				GCC_C_LANGUAGE_STANDARD = gnu11;
				GCC_DYNAMIC_NO_PIC = NO;
				GCC_NO_COMMON_BLOCKS = YES;
				GCC_OPTIMIZATION_LEVEL = 0;
				GCC_PREPROCESSOR_DEFINITIONS = (
					"DEBUG=1",
					"$(inherited)",
				);
				GCC_WARN_64_TO_32_BIT_CONVERSION = YES;
				GCC_WARN_ABOUT_RETURN_TYPE = YES_ERROR;
				GCC_WARN_UNDECLARED_SELECTOR = YES;
				GCC_WARN_UNINITIALIZED_AUTOS = YES_AGGRESSIVE;
				GCC_WARN_UNUSED_FUNCTION = YES;
				GCC_WARN_UNUSED_VARIABLE = YES;
				IPHONEOS_DEPLOYMENT_TARGET = 15.2;
				MTL_ENABLE_DEBUG_INFO = INCLUDE_SOURCE;
				MTL_FAST_MATH = YES;
				ONLY_ACTIVE_ARCH = YES;
				SDKROOT = iphoneos;
				SWIFT_ACTIVE_COMPILATION_CONDITIONS = DEBUG;
				SWIFT_OPTIMIZATION_LEVEL = "-Onone";
			};
			name = Debug;
		};
		120FF5D2276CE3F5008BED80 /* Release */ = {
			isa = XCBuildConfiguration;
			buildSettings = {
				ALWAYS_SEARCH_USER_PATHS = NO;
				CLANG_ANALYZER_NONNULL = YES;
				CLANG_ANALYZER_NUMBER_OBJECT_CONVERSION = YES_AGGRESSIVE;
				CLANG_CXX_LANGUAGE_STANDARD = "gnu++17";
				CLANG_CXX_LIBRARY = "libc++";
				CLANG_ENABLE_MODULES = YES;
				CLANG_ENABLE_OBJC_ARC = YES;
				CLANG_ENABLE_OBJC_WEAK = YES;
				CLANG_WARN_BLOCK_CAPTURE_AUTORELEASING = YES;
				CLANG_WARN_BOOL_CONVERSION = YES;
				CLANG_WARN_COMMA = YES;
				CLANG_WARN_CONSTANT_CONVERSION = YES;
				CLANG_WARN_DEPRECATED_OBJC_IMPLEMENTATIONS = YES;
				CLANG_WARN_DIRECT_OBJC_ISA_USAGE = YES_ERROR;
				CLANG_WARN_DOCUMENTATION_COMMENTS = YES;
				CLANG_WARN_EMPTY_BODY = YES;
				CLANG_WARN_ENUM_CONVERSION = YES;
				CLANG_WARN_INFINITE_RECURSION = YES;
				CLANG_WARN_INT_CONVERSION = YES;
				CLANG_WARN_NON_LITERAL_NULL_CONVERSION = YES;
				CLANG_WARN_OBJC_IMPLICIT_RETAIN_SELF = YES;
				CLANG_WARN_OBJC_LITERAL_CONVERSION = YES;
				CLANG_WARN_OBJC_ROOT_CLASS = YES_ERROR;
				CLANG_WARN_QUOTED_INCLUDE_IN_FRAMEWORK_HEADER = YES;
				CLANG_WARN_RANGE_LOOP_ANALYSIS = YES;
				CLANG_WARN_STRICT_PROTOTYPES = YES;
				CLANG_WARN_SUSPICIOUS_MOVE = YES;
				CLANG_WARN_UNGUARDED_AVAILABILITY = YES_AGGRESSIVE;
				CLANG_WARN_UNREACHABLE_CODE = YES;
				CLANG_WARN__DUPLICATE_METHOD_MATCH = YES;
				COPY_PHASE_STRIP = NO;
				DEBUG_INFORMATION_FORMAT = "dwarf-with-dsym";
				ENABLE_NS_ASSERTIONS = NO;
				ENABLE_STRICT_OBJC_MSGSEND = YES;
				GCC_C_LANGUAGE_STANDARD = gnu11;
				GCC_NO_COMMON_BLOCKS = YES;
				GCC_WARN_64_TO_32_BIT_CONVERSION = YES;
				GCC_WARN_ABOUT_RETURN_TYPE = YES_ERROR;
				GCC_WARN_UNDECLARED_SELECTOR = YES;
				GCC_WARN_UNINITIALIZED_AUTOS = YES_AGGRESSIVE;
				GCC_WARN_UNUSED_FUNCTION = YES;
				GCC_WARN_UNUSED_VARIABLE = YES;
				IPHONEOS_DEPLOYMENT_TARGET = 15.2;
				MTL_ENABLE_DEBUG_INFO = NO;
				MTL_FAST_MATH = YES;
				SDKROOT = iphoneos;
				SWIFT_COMPILATION_MODE = wholemodule;
				SWIFT_OPTIMIZATION_LEVEL = "-O";
				VALIDATE_PRODUCT = YES;
			};
			name = Release;
		};
		120FF5D4276CE3F5008BED80 /* Debug */ = {
			isa = XCBuildConfiguration;
			buildSettings = {
				ASSETCATALOG_COMPILER_APPICON_NAME = AppIcon;
				ASSETCATALOG_COMPILER_GLOBAL_ACCENT_COLOR_NAME = AccentColor;
				CODE_SIGN_STYLE = Automatic;
				CURRENT_PROJECT_VERSION = 1;
				DEVELOPMENT_TEAM = 6J7DSRP43M;
				GENERATE_INFOPLIST_FILE = YES;
				INFOPLIST_FILE = intrip/Info.plist;
				INFOPLIST_KEY_UIApplicationSupportsIndirectInputEvents = YES;
				INFOPLIST_KEY_UILaunchStoryboardName = LaunchScreen;
				INFOPLIST_KEY_UIMainStoryboardFile = Main;
				INFOPLIST_KEY_UISupportedInterfaceOrientations = UIInterfaceOrientationPortrait;
				INFOPLIST_KEY_UISupportedInterfaceOrientations_iPad = "UIInterfaceOrientationPortrait UIInterfaceOrientationPortraitUpsideDown UIInterfaceOrientationLandscapeLeft UIInterfaceOrientationLandscapeRight";
				INFOPLIST_KEY_UISupportedInterfaceOrientations_iPhone = "UIInterfaceOrientationPortrait UIInterfaceOrientationLandscapeLeft UIInterfaceOrientationLandscapeRight";
				IPHONEOS_DEPLOYMENT_TARGET = 11.0;
				LD_RUNPATH_SEARCH_PATHS = (
					"$(inherited)",
					"@executable_path/Frameworks",
				);
				MARKETING_VERSION = 1.0;
				PRODUCT_BUNDLE_IDENTIFIER = fr.gdvd.intrip;
				PRODUCT_NAME = "$(TARGET_NAME)";
				SWIFT_EMIT_LOC_STRINGS = YES;
				SWIFT_VERSION = 5.0;
				TARGETED_DEVICE_FAMILY = 1;
			};
			name = Debug;
		};
		120FF5D5276CE3F5008BED80 /* Release */ = {
			isa = XCBuildConfiguration;
			buildSettings = {
				ASSETCATALOG_COMPILER_APPICON_NAME = AppIcon;
				ASSETCATALOG_COMPILER_GLOBAL_ACCENT_COLOR_NAME = AccentColor;
				CODE_SIGN_STYLE = Automatic;
				CURRENT_PROJECT_VERSION = 1;
				DEVELOPMENT_TEAM = 6J7DSRP43M;
				GENERATE_INFOPLIST_FILE = YES;
				INFOPLIST_FILE = intrip/Info.plist;
				INFOPLIST_KEY_UIApplicationSupportsIndirectInputEvents = YES;
				INFOPLIST_KEY_UILaunchStoryboardName = LaunchScreen;
				INFOPLIST_KEY_UIMainStoryboardFile = Main;
				INFOPLIST_KEY_UISupportedInterfaceOrientations = UIInterfaceOrientationPortrait;
				INFOPLIST_KEY_UISupportedInterfaceOrientations_iPad = "UIInterfaceOrientationPortrait UIInterfaceOrientationPortraitUpsideDown UIInterfaceOrientationLandscapeLeft UIInterfaceOrientationLandscapeRight";
				INFOPLIST_KEY_UISupportedInterfaceOrientations_iPhone = "UIInterfaceOrientationPortrait UIInterfaceOrientationLandscapeLeft UIInterfaceOrientationLandscapeRight";
				IPHONEOS_DEPLOYMENT_TARGET = 11.0;
				LD_RUNPATH_SEARCH_PATHS = (
					"$(inherited)",
					"@executable_path/Frameworks",
				);
				MARKETING_VERSION = 1.0;
				PRODUCT_BUNDLE_IDENTIFIER = fr.gdvd.intrip;
				PRODUCT_NAME = "$(TARGET_NAME)";
				SWIFT_EMIT_LOC_STRINGS = YES;
				SWIFT_VERSION = 5.0;
				TARGETED_DEVICE_FAMILY = 1;
			};
			name = Release;
		};
		120FF5D7276CE3F5008BED80 /* Debug */ = {
			isa = XCBuildConfiguration;
			buildSettings = {
				ALWAYS_EMBED_SWIFT_STANDARD_LIBRARIES = YES;
				BUNDLE_LOADER = "$(TEST_HOST)";
				CODE_SIGN_STYLE = Automatic;
				CURRENT_PROJECT_VERSION = 1;
				DEVELOPMENT_TEAM = 6J7DSRP43M;
				GENERATE_INFOPLIST_FILE = YES;
				IPHONEOS_DEPLOYMENT_TARGET = 15.2;
				MARKETING_VERSION = 1.0;
				PRODUCT_BUNDLE_IDENTIFIER = fr.gdvd.intripTests;
				PRODUCT_NAME = "$(TARGET_NAME)";
				SWIFT_EMIT_LOC_STRINGS = NO;
				SWIFT_VERSION = 5.0;
				TARGETED_DEVICE_FAMILY = "1,2";
				TEST_HOST = "$(BUILT_PRODUCTS_DIR)/intrip.app/intrip";
			};
			name = Debug;
		};
		120FF5D8276CE3F5008BED80 /* Release */ = {
			isa = XCBuildConfiguration;
			buildSettings = {
				ALWAYS_EMBED_SWIFT_STANDARD_LIBRARIES = YES;
				BUNDLE_LOADER = "$(TEST_HOST)";
				CODE_SIGN_STYLE = Automatic;
				CURRENT_PROJECT_VERSION = 1;
				DEVELOPMENT_TEAM = 6J7DSRP43M;
				GENERATE_INFOPLIST_FILE = YES;
				IPHONEOS_DEPLOYMENT_TARGET = 15.2;
				MARKETING_VERSION = 1.0;
				PRODUCT_BUNDLE_IDENTIFIER = fr.gdvd.intripTests;
				PRODUCT_NAME = "$(TARGET_NAME)";
				SWIFT_EMIT_LOC_STRINGS = NO;
				SWIFT_VERSION = 5.0;
				TARGETED_DEVICE_FAMILY = "1,2";
				TEST_HOST = "$(BUILT_PRODUCTS_DIR)/intrip.app/intrip";
			};
			name = Release;
		};
		120FF5DA276CE3F5008BED80 /* Debug */ = {
			isa = XCBuildConfiguration;
			buildSettings = {
				ALWAYS_EMBED_SWIFT_STANDARD_LIBRARIES = YES;
				CODE_SIGN_STYLE = Automatic;
				CURRENT_PROJECT_VERSION = 1;
				DEVELOPMENT_TEAM = 6J7DSRP43M;
				GENERATE_INFOPLIST_FILE = YES;
				MARKETING_VERSION = 1.0;
				PRODUCT_BUNDLE_IDENTIFIER = fr.gdvd.intripUITests;
				PRODUCT_NAME = "$(TARGET_NAME)";
				SWIFT_EMIT_LOC_STRINGS = NO;
				SWIFT_VERSION = 5.0;
				TARGETED_DEVICE_FAMILY = "1,2";
				TEST_TARGET_NAME = intrip;
			};
			name = Debug;
		};
		120FF5DB276CE3F5008BED80 /* Release */ = {
			isa = XCBuildConfiguration;
			buildSettings = {
				ALWAYS_EMBED_SWIFT_STANDARD_LIBRARIES = YES;
				CODE_SIGN_STYLE = Automatic;
				CURRENT_PROJECT_VERSION = 1;
				DEVELOPMENT_TEAM = 6J7DSRP43M;
				GENERATE_INFOPLIST_FILE = YES;
				MARKETING_VERSION = 1.0;
				PRODUCT_BUNDLE_IDENTIFIER = fr.gdvd.intripUITests;
				PRODUCT_NAME = "$(TARGET_NAME)";
				SWIFT_EMIT_LOC_STRINGS = NO;
				SWIFT_VERSION = 5.0;
				TARGETED_DEVICE_FAMILY = "1,2";
				TEST_TARGET_NAME = intrip;
			};
			name = Release;
		};
/* End XCBuildConfiguration section */

/* Begin XCConfigurationList section */
		120FF5A4276CE3F3008BED80 /* Build configuration list for PBXProject "intrip" */ = {
			isa = XCConfigurationList;
			buildConfigurations = (
				120FF5D1276CE3F5008BED80 /* Debug */,
				120FF5D2276CE3F5008BED80 /* Release */,
			);
			defaultConfigurationIsVisible = 0;
			defaultConfigurationName = Release;
		};
		120FF5D3276CE3F5008BED80 /* Build configuration list for PBXNativeTarget "intrip" */ = {
			isa = XCConfigurationList;
			buildConfigurations = (
				120FF5D4276CE3F5008BED80 /* Debug */,
				120FF5D5276CE3F5008BED80 /* Release */,
			);
			defaultConfigurationIsVisible = 0;
			defaultConfigurationName = Release;
		};
		120FF5D6276CE3F5008BED80 /* Build configuration list for PBXNativeTarget "intripTests" */ = {
			isa = XCConfigurationList;
			buildConfigurations = (
				120FF5D7276CE3F5008BED80 /* Debug */,
				120FF5D8276CE3F5008BED80 /* Release */,
			);
			defaultConfigurationIsVisible = 0;
			defaultConfigurationName = Release;
		};
		120FF5D9276CE3F5008BED80 /* Build configuration list for PBXNativeTarget "intripUITests" */ = {
			isa = XCConfigurationList;
			buildConfigurations = (
				120FF5DA276CE3F5008BED80 /* Debug */,
				120FF5DB276CE3F5008BED80 /* Release */,
			);
			defaultConfigurationIsVisible = 0;
			defaultConfigurationName = Release;
		};
/* End XCConfigurationList section */
	};
	rootObject = 120FF5A1276CE3F3008BED80 /* Project object */;
}
