// !$*UTF8*$!
{
	archiveVersion = 1;
	classes = {
	};
	objectVersion = 55;
	objects = {

/* Begin PBXBuildFile section */
		120FF5AD276CE3F3008BED80 /* AppDelegate.swift in Sources */ = {isa = PBXBuildFile; fileRef = 120FF5AC276CE3F3008BED80 /* AppDelegate.swift */; };
		120FF5B4276CE3F3008BED80 /* Main.storyboard in Resources */ = {isa = PBXBuildFile; fileRef = 120FF5B2276CE3F3008BED80 /* Main.storyboard */; };
		120FF5B6276CE3F4008BED80 /* Assets.xcassets in Resources */ = {isa = PBXBuildFile; fileRef = 120FF5B5276CE3F4008BED80 /* Assets.xcassets */; };
		120FF5B9276CE3F4008BED80 /* LaunchScreen.storyboard in Resources */ = {isa = PBXBuildFile; fileRef = 120FF5B7276CE3F4008BED80 /* LaunchScreen.storyboard */; };
		12184C6C2796BEDB00B66C59 /* SaveInUserDefault.swift in Sources */ = {isa = PBXBuildFile; fileRef = 12184C6B2796BEDB00B66C59 /* SaveInUserDefault.swift */; };
		12184C6E2797357100B66C59 /* DeeplData.json in Resources */ = {isa = PBXBuildFile; fileRef = 12184C6D2797357100B66C59 /* DeeplData.json */; };
		1219E8A9278C92B600502C07 /* ResponseDeepl.swift in Sources */ = {isa = PBXBuildFile; fileRef = 1219E8A8278C92B600502C07 /* ResponseDeepl.swift */; };
		1219E8AB278CDAAA00502C07 /* Download+Ext.swift in Sources */ = {isa = PBXBuildFile; fileRef = 1219E8AA278CDAAA00502C07 /* Download+Ext.swift */; };
		1219E8AE278D900B00502C07 /* ViewControllerTranslate+Ext.swift in Sources */ = {isa = PBXBuildFile; fileRef = 1219E8AD278D900B00502C07 /* ViewControllerTranslate+Ext.swift */; };
		1219E8B0278DDBEF00502C07 /* FakeResponseDataTranslate.swift in Sources */ = {isa = PBXBuildFile; fileRef = 1219E8AF278DDBEF00502C07 /* FakeResponseDataTranslate.swift */; };
		1229D37227885DE400EEF1B4 /* WeatherData.json in Resources */ = {isa = PBXBuildFile; fileRef = 1229D37127885DE400EEF1B4 /* WeatherData.json */; };
		1229D37627886A5100EEF1B4 /* FakeResponseDataWeather.swift in Sources */ = {isa = PBXBuildFile; fileRef = 1229D37527886A5100EEF1B4 /* FakeResponseDataWeather.swift */; };
		1229D378278892F100EEF1B4 /* OneFileManagerTestCase.swift in Sources */ = {isa = PBXBuildFile; fileRef = 1229D377278892F100EEF1B4 /* OneFileManagerTestCase.swift */; };
		1229D37A2788B0A600EEF1B4 /* CurrenciesTestCase.swift in Sources */ = {isa = PBXBuildFile; fileRef = 1229D3792788B0A600EEF1B4 /* CurrenciesTestCase.swift */; };
		1229D3822789D44D00EEF1B4 /* SourceLang.json in Resources */ = {isa = PBXBuildFile; fileRef = 1229D3812789D44D00EEF1B4 /* SourceLang.json */; };
		1256EE9C27778E6A00A39B34 /* Fixer.json in Resources */ = {isa = PBXBuildFile; fileRef = 1256EE9B27778E6A00A39B34 /* Fixer.json */; };
		1256EE9E27778ED600A39B34 /* FakeResponseDataFixer.swift in Sources */ = {isa = PBXBuildFile; fileRef = 1256EE9D27778ED600A39B34 /* FakeResponseDataFixer.swift */; };
		1256EEA02778620B00A39B34 /* URLSessionFake.swift in Sources */ = {isa = PBXBuildFile; fileRef = 1256EE9F2778620B00A39B34 /* URLSessionFake.swift */; };
		1256EEA2277883CC00A39B34 /* DownloadTestCase.swift in Sources */ = {isa = PBXBuildFile; fileRef = 1256EEA1277883CC00A39B34 /* DownloadTestCase.swift */; };
		12638D7B276FD10C00631D6B /* ViewControllerExchange.swift in Sources */ = {isa = PBXBuildFile; fileRef = 12638D7A276FD10C00631D6B /* ViewControllerExchange.swift */; };
		12638D7D276FD15F00631D6B /* ViewControllerTranslate.swift in Sources */ = {isa = PBXBuildFile; fileRef = 12638D7C276FD15F00631D6B /* ViewControllerTranslate.swift */; };
		12638D7F276FD17D00631D6B /* ViewControllerWeather.swift in Sources */ = {isa = PBXBuildFile; fileRef = 12638D7E276FD17D00631D6B /* ViewControllerWeather.swift */; };
		12638DA42770932F00631D6B /* ModelExchange.swift in Sources */ = {isa = PBXBuildFile; fileRef = 12638DA32770932F00631D6B /* ModelExchange.swift */; };
		12638DA62770935300631D6B /* ModelTranslate.swift in Sources */ = {isa = PBXBuildFile; fileRef = 12638DA52770935300631D6B /* ModelTranslate.swift */; };
		12638DA82770936400631D6B /* ModelWeather.swift in Sources */ = {isa = PBXBuildFile; fileRef = 12638DA72770936400631D6B /* ModelWeather.swift */; };
		12638DAD2771102E00631D6B /* Constants.swift in Sources */ = {isa = PBXBuildFile; fileRef = 12638DAC2771102E00631D6B /* Constants.swift */; };
		12638DB02771104B00631D6B /* Download.swift in Sources */ = {isa = PBXBuildFile; fileRef = 12638DAF2771104B00631D6B /* Download.swift */; };
		12638DB2277329A700631D6B /* ItemFixer.swift in Sources */ = {isa = PBXBuildFile; fileRef = 12638DB1277329A700631D6B /* ItemFixer.swift */; };
		12638DB52773427000631D6B /* ModelExchange+Ext.swift in Sources */ = {isa = PBXBuildFile; fileRef = 12638DB42773427000631D6B /* ModelExchange+Ext.swift */; };
		12638DB72774721A00631D6B /* ApiKeys.swift in Sources */ = {isa = PBXBuildFile; fileRef = 12638DB62774721A00631D6B /* ApiKeys.swift */; };
		12638DB92774D15C00631D6B /* OneFileManager.swift in Sources */ = {isa = PBXBuildFile; fileRef = 12638DB82774D15C00631D6B /* OneFileManager.swift */; };
		1273DD6E278EDAB00049FCFA /* ModelTranslateTestCase.swift in Sources */ = {isa = PBXBuildFile; fileRef = 1273DD6D278EDAB00049FCFA /* ModelTranslateTestCase.swift */; };
		1273DD70278EDAD20049FCFA /* ModelWeatherTestCase.swift in Sources */ = {isa = PBXBuildFile; fileRef = 1273DD6F278EDAD20049FCFA /* ModelWeatherTestCase.swift */; };
		1273DD72278EDAED0049FCFA /* ModelExchangeTestCase.swift in Sources */ = {isa = PBXBuildFile; fileRef = 1273DD71278EDAED0049FCFA /* ModelExchangeTestCase.swift */; };
		12A51836277B27150083B09B /* Currencies.swift in Sources */ = {isa = PBXBuildFile; fileRef = 12A51835277B27150083B09B /* Currencies.swift */; };
		12C4F21327981B7C00EC9F0B /* FakeDownload.swift in Sources */ = {isa = PBXBuildFile; fileRef = 12C4F21227981B7C00EC9F0B /* FakeDownload.swift */; };
		12CE4161278AFA4B0009500E /* Language.swift in Sources */ = {isa = PBXBuildFile; fileRef = 12CE4160278AFA4B0009500E /* Language.swift */; };
		12E7990827844C2A008B446F /* WeatherCity.swift in Sources */ = {isa = PBXBuildFile; fileRef = 12E7990727844C2A008B446F /* WeatherCity.swift */; };
		12E7990A27849DC2008B446F /* OpenWeatherMap.swift in Sources */ = {isa = PBXBuildFile; fileRef = 12E7990927849DC2008B446F /* OpenWeatherMap.swift */; };
/* End PBXBuildFile section */

/* Begin PBXContainerItemProxy section */
		120FF5C0276CE3F5008BED80 /* PBXContainerItemProxy */ = {
			isa = PBXContainerItemProxy;
			containerPortal = 120FF5A1276CE3F3008BED80 /* Project object */;
			proxyType = 1;
			remoteGlobalIDString = 120FF5A8276CE3F3008BED80;
			remoteInfo = intrip;
		};
/* End PBXContainerItemProxy section */

/* Begin PBXFileReference section */
		120FF5A9276CE3F3008BED80 /* intrip.app */ = {isa = PBXFileReference; explicitFileType = wrapper.application; includeInIndex = 0; path = intrip.app; sourceTree = BUILT_PRODUCTS_DIR; };
		120FF5AC276CE3F3008BED80 /* AppDelegate.swift */ = {isa = PBXFileReference; lastKnownFileType = sourcecode.swift; path = AppDelegate.swift; sourceTree = "<group>"; };
		120FF5B3276CE3F3008BED80 /* Base */ = {isa = PBXFileReference; lastKnownFileType = file.storyboard; name = Base; path = Base.lproj/Main.storyboard; sourceTree = "<group>"; };
		120FF5B5276CE3F4008BED80 /* Assets.xcassets */ = {isa = PBXFileReference; lastKnownFileType = folder.assetcatalog; path = Assets.xcassets; sourceTree = "<group>"; };
		120FF5B8276CE3F4008BED80 /* Base */ = {isa = PBXFileReference; lastKnownFileType = file.storyboard; name = Base; path = Base.lproj/LaunchScreen.storyboard; sourceTree = "<group>"; };
		120FF5BA276CE3F4008BED80 /* Info.plist */ = {isa = PBXFileReference; lastKnownFileType = text.plist.xml; path = Info.plist; sourceTree = "<group>"; };
		120FF5BF276CE3F5008BED80 /* intripTests.xctest */ = {isa = PBXFileReference; explicitFileType = wrapper.cfbundle; includeInIndex = 0; path = intripTests.xctest; sourceTree = BUILT_PRODUCTS_DIR; };
		12184C6B2796BEDB00B66C59 /* SaveInUserDefault.swift */ = {isa = PBXFileReference; lastKnownFileType = sourcecode.swift; path = SaveInUserDefault.swift; sourceTree = "<group>"; };
		12184C6D2797357100B66C59 /* DeeplData.json */ = {isa = PBXFileReference; lastKnownFileType = text.json; path = DeeplData.json; sourceTree = "<group>"; };
		1219E8A8278C92B600502C07 /* ResponseDeepl.swift */ = {isa = PBXFileReference; lastKnownFileType = sourcecode.swift; path = ResponseDeepl.swift; sourceTree = "<group>"; };
		1219E8AA278CDAAA00502C07 /* Download+Ext.swift */ = {isa = PBXFileReference; lastKnownFileType = sourcecode.swift; path = "Download+Ext.swift"; sourceTree = "<group>"; };
		1219E8AD278D900B00502C07 /* ViewControllerTranslate+Ext.swift */ = {isa = PBXFileReference; lastKnownFileType = sourcecode.swift; path = "ViewControllerTranslate+Ext.swift"; sourceTree = "<group>"; };
		1219E8AF278DDBEF00502C07 /* FakeResponseDataTranslate.swift */ = {isa = PBXFileReference; lastKnownFileType = sourcecode.swift; path = FakeResponseDataTranslate.swift; sourceTree = "<group>"; };
		1229D37127885DE400EEF1B4 /* WeatherData.json */ = {isa = PBXFileReference; lastKnownFileType = text.json; path = WeatherData.json; sourceTree = "<group>"; };
		1229D37527886A5100EEF1B4 /* FakeResponseDataWeather.swift */ = {isa = PBXFileReference; lastKnownFileType = sourcecode.swift; path = FakeResponseDataWeather.swift; sourceTree = "<group>"; };
		1229D377278892F100EEF1B4 /* OneFileManagerTestCase.swift */ = {isa = PBXFileReference; lastKnownFileType = sourcecode.swift; path = OneFileManagerTestCase.swift; sourceTree = "<group>"; };
		1229D3792788B0A600EEF1B4 /* CurrenciesTestCase.swift */ = {isa = PBXFileReference; lastKnownFileType = sourcecode.swift; path = CurrenciesTestCase.swift; sourceTree = "<group>"; };
		1229D37F2789D17C00EEF1B4 /* ResponseDeepl.json */ = {isa = PBXFileReference; lastKnownFileType = text.json; path = ResponseDeepl.json; sourceTree = "<group>"; };
		1229D3812789D44D00EEF1B4 /* SourceLang.json */ = {isa = PBXFileReference; lastKnownFileType = text.json; path = SourceLang.json; sourceTree = "<group>"; };
		1256EE9B27778E6A00A39B34 /* Fixer.json */ = {isa = PBXFileReference; lastKnownFileType = text.json; path = Fixer.json; sourceTree = "<group>"; };
		1256EE9D27778ED600A39B34 /* FakeResponseDataFixer.swift */ = {isa = PBXFileReference; lastKnownFileType = sourcecode.swift; path = FakeResponseDataFixer.swift; sourceTree = "<group>"; };
		1256EE9F2778620B00A39B34 /* URLSessionFake.swift */ = {isa = PBXFileReference; lastKnownFileType = sourcecode.swift; path = URLSessionFake.swift; sourceTree = "<group>"; };
		1256EEA1277883CC00A39B34 /* DownloadTestCase.swift */ = {isa = PBXFileReference; lastKnownFileType = sourcecode.swift; path = DownloadTestCase.swift; sourceTree = "<group>"; };
		12638D7A276FD10C00631D6B /* ViewControllerExchange.swift */ = {isa = PBXFileReference; lastKnownFileType = sourcecode.swift; path = ViewControllerExchange.swift; sourceTree = "<group>"; };
		12638D7C276FD15F00631D6B /* ViewControllerTranslate.swift */ = {isa = PBXFileReference; lastKnownFileType = sourcecode.swift; path = ViewControllerTranslate.swift; sourceTree = "<group>"; };
		12638D7E276FD17D00631D6B /* ViewControllerWeather.swift */ = {isa = PBXFileReference; lastKnownFileType = sourcecode.swift; path = ViewControllerWeather.swift; sourceTree = "<group>"; };
		12638DA32770932F00631D6B /* ModelExchange.swift */ = {isa = PBXFileReference; lastKnownFileType = sourcecode.swift; path = ModelExchange.swift; sourceTree = "<group>"; };
		12638DA52770935300631D6B /* ModelTranslate.swift */ = {isa = PBXFileReference; lastKnownFileType = sourcecode.swift; path = ModelTranslate.swift; sourceTree = "<group>"; };
		12638DA72770936400631D6B /* ModelWeather.swift */ = {isa = PBXFileReference; lastKnownFileType = sourcecode.swift; path = ModelWeather.swift; sourceTree = "<group>"; };
		12638DAC2771102E00631D6B /* Constants.swift */ = {isa = PBXFileReference; lastKnownFileType = sourcecode.swift; path = Constants.swift; sourceTree = "<group>"; };
		12638DAF2771104B00631D6B /* Download.swift */ = {isa = PBXFileReference; lastKnownFileType = sourcecode.swift; path = Download.swift; sourceTree = "<group>"; };
		12638DB1277329A700631D6B /* ItemFixer.swift */ = {isa = PBXFileReference; lastKnownFileType = sourcecode.swift; path = ItemFixer.swift; sourceTree = "<group>"; };
		12638DB42773427000631D6B /* ModelExchange+Ext.swift */ = {isa = PBXFileReference; lastKnownFileType = sourcecode.swift; path = "ModelExchange+Ext.swift"; sourceTree = "<group>"; };
		12638DB62774721A00631D6B /* ApiKeys.swift */ = {isa = PBXFileReference; lastKnownFileType = sourcecode.swift; path = ApiKeys.swift; sourceTree = "<group>"; };
		12638DB82774D15C00631D6B /* OneFileManager.swift */ = {isa = PBXFileReference; lastKnownFileType = sourcecode.swift; path = OneFileManager.swift; sourceTree = "<group>"; };
		1273DD6D278EDAB00049FCFA /* ModelTranslateTestCase.swift */ = {isa = PBXFileReference; lastKnownFileType = sourcecode.swift; path = ModelTranslateTestCase.swift; sourceTree = "<group>"; };
		1273DD6F278EDAD20049FCFA /* ModelWeatherTestCase.swift */ = {isa = PBXFileReference; lastKnownFileType = sourcecode.swift; path = ModelWeatherTestCase.swift; sourceTree = "<group>"; };
		1273DD71278EDAED0049FCFA /* ModelExchangeTestCase.swift */ = {isa = PBXFileReference; lastKnownFileType = sourcecode.swift; path = ModelExchangeTestCase.swift; sourceTree = "<group>"; };
		12A51835277B27150083B09B /* Currencies.swift */ = {isa = PBXFileReference; lastKnownFileType = sourcecode.swift; path = Currencies.swift; sourceTree = "<group>"; };
		12C4F21227981B7C00EC9F0B /* FakeDownload.swift */ = {isa = PBXFileReference; lastKnownFileType = sourcecode.swift; path = FakeDownload.swift; sourceTree = "<group>"; };
		12CE4160278AFA4B0009500E /* Language.swift */ = {isa = PBXFileReference; lastKnownFileType = sourcecode.swift; path = Language.swift; sourceTree = "<group>"; };
		12E7990727844C2A008B446F /* WeatherCity.swift */ = {isa = PBXFileReference; lastKnownFileType = sourcecode.swift; path = WeatherCity.swift; sourceTree = "<group>"; };
		12E7990927849DC2008B446F /* OpenWeatherMap.swift */ = {isa = PBXFileReference; lastKnownFileType = sourcecode.swift; path = OpenWeatherMap.swift; sourceTree = "<group>"; };
/* End PBXFileReference section */

/* Begin PBXFrameworksBuildPhase section */
		120FF5A6276CE3F3008BED80 /* Frameworks */ = {
			isa = PBXFrameworksBuildPhase;
			buildActionMask = 2147483647;
			files = (
			);
			runOnlyForDeploymentPostprocessing = 0;
		};
		120FF5BC276CE3F5008BED80 /* Frameworks */ = {
			isa = PBXFrameworksBuildPhase;
			buildActionMask = 2147483647;
			files = (
			);
			runOnlyForDeploymentPostprocessing = 0;
		};
/* End PBXFrameworksBuildPhase section */

/* Begin PBXGroup section */
		120FF5A0276CE3F3008BED80 = {
			isa = PBXGroup;
			children = (
				120FF5AB276CE3F3008BED80 /* intrip */,
				120FF5C2276CE3F5008BED80 /* intripTests */,
				120FF5AA276CE3F3008BED80 /* Products */,
			);
			sourceTree = "<group>";
		};
		120FF5AA276CE3F3008BED80 /* Products */ = {
			isa = PBXGroup;
			children = (
				120FF5A9276CE3F3008BED80 /* intrip.app */,
				120FF5BF276CE3F5008BED80 /* intripTests.xctest */,
			);
			name = Products;
			sourceTree = "<group>";
		};
		120FF5AB276CE3F3008BED80 /* intrip */ = {
			isa = PBXGroup;
			children = (
				1219E8AC278D7C3500502C07 /* Files */,
				12638DAE2771103800631D6B /* Network */,
				12638D79276FD00F00631D6B /* Model */,
				12638D77276F318800631D6B /* Controller */,
				12638D78276F319900631D6B /* View */,
				12638DAB2771100500631D6B /* data */,
				120FF5AC276CE3F3008BED80 /* AppDelegate.swift */,
				120FF5BA276CE3F4008BED80 /* Info.plist */,
				120FF5B5276CE3F4008BED80 /* Assets.xcassets */,
			);
			path = intrip;
			sourceTree = "<group>";
		};
		120FF5C2276CE3F5008BED80 /* intripTests */ = {
			isa = PBXGroup;
			children = (
				1256EEA1277883CC00A39B34 /* DownloadTestCase.swift */,
				1229D377278892F100EEF1B4 /* OneFileManagerTestCase.swift */,
				1273DD6F278EDAD20049FCFA /* ModelWeatherTestCase.swift */,
				1273DD71278EDAED0049FCFA /* ModelExchangeTestCase.swift */,
				1273DD6D278EDAB00049FCFA /* ModelTranslateTestCase.swift */,
				1229D3792788B0A600EEF1B4 /* CurrenciesTestCase.swift */,
				1256EE9B27778E6A00A39B34 /* Fixer.json */,
				1229D37127885DE400EEF1B4 /* WeatherData.json */,
				1229D37F2789D17C00EEF1B4 /* ResponseDeepl.json */,
				12184C6D2797357100B66C59 /* DeeplData.json */,
				1229D37527886A5100EEF1B4 /* FakeResponseDataWeather.swift */,
				1219E8AF278DDBEF00502C07 /* FakeResponseDataTranslate.swift */,
				1256EE9F2778620B00A39B34 /* URLSessionFake.swift */,
				1256EE9D27778ED600A39B34 /* FakeResponseDataFixer.swift */,
				12C4F21227981B7C00EC9F0B /* FakeDownload.swift */,
			);
			path = intripTests;
			sourceTree = "<group>";
		};
		1219E8AC278D7C3500502C07 /* Files */ = {
			isa = PBXGroup;
			children = (
				12638DB82774D15C00631D6B /* OneFileManager.swift */,
			);
			path = Files;
			sourceTree = "<group>";
		};
		12638D77276F318800631D6B /* Controller */ = {
			isa = PBXGroup;
			children = (
				12638D7A276FD10C00631D6B /* ViewControllerExchange.swift */,
				12638D7C276FD15F00631D6B /* ViewControllerTranslate.swift */,
				1219E8AD278D900B00502C07 /* ViewControllerTranslate+Ext.swift */,
				12638D7E276FD17D00631D6B /* ViewControllerWeather.swift */,
			);
			path = Controller;
			sourceTree = "<group>";
		};
		12638D78276F319900631D6B /* View */ = {
			isa = PBXGroup;
			children = (
				120FF5B2276CE3F3008BED80 /* Main.storyboard */,
				120FF5B7276CE3F4008BED80 /* LaunchScreen.storyboard */,
			);
			path = View;
			sourceTree = "<group>";
		};
		12638D79276FD00F00631D6B /* Model */ = {
			isa = PBXGroup;
			children = (
				12638DA52770935300631D6B /* ModelTranslate.swift */,
				12638DA72770936400631D6B /* ModelWeather.swift */,
				12638DA32770932F00631D6B /* ModelExchange.swift */,
				12638DB42773427000631D6B /* ModelExchange+Ext.swift */,
				12184C6B2796BEDB00B66C59 /* SaveInUserDefault.swift */,
				12638DB327732A0800631D6B /* Entities */,
			);
			path = Model;
			sourceTree = "<group>";
		};
		12638DAB2771100500631D6B /* data */ = {
			isa = PBXGroup;
			children = (
				12638DAC2771102E00631D6B /* Constants.swift */,
				1229D3812789D44D00EEF1B4 /* SourceLang.json */,
				12638DB62774721A00631D6B /* ApiKeys.swift */,
			);
			path = data;
			sourceTree = "<group>";
		};
		12638DAE2771103800631D6B /* Network */ = {
			isa = PBXGroup;
			children = (
				12638DAF2771104B00631D6B /* Download.swift */,
				1219E8AA278CDAAA00502C07 /* Download+Ext.swift */,
			);
			path = Network;
			sourceTree = "<group>";
		};
		12638DB327732A0800631D6B /* Entities */ = {
			isa = PBXGroup;
			children = (
				12A51835277B27150083B09B /* Currencies.swift */,
				12638DB1277329A700631D6B /* ItemFixer.swift */,
				12CE4160278AFA4B0009500E /* Language.swift */,
				1219E8A8278C92B600502C07 /* ResponseDeepl.swift */,
				12E7990727844C2A008B446F /* WeatherCity.swift */,
				12E7990927849DC2008B446F /* OpenWeatherMap.swift */,
			);
			path = Entities;
			sourceTree = "<group>";
		};
/* End PBXGroup section */

/* Begin PBXNativeTarget section */
		120FF5A8276CE3F3008BED80 /* intrip */ = {
			isa = PBXNativeTarget;
			buildConfigurationList = 120FF5D3276CE3F5008BED80 /* Build configuration list for PBXNativeTarget "intrip" */;
			buildPhases = (
				120FF5A5276CE3F3008BED80 /* Sources */,
				120FF5A6276CE3F3008BED80 /* Frameworks */,
				120FF5A7276CE3F3008BED80 /* Resources */,
			);
			buildRules = (
			);
			dependencies = (
			);
			name = intrip;
			productName = intrip;
			productReference = 120FF5A9276CE3F3008BED80 /* intrip.app */;
			productType = "com.apple.product-type.application";
		};
		120FF5BE276CE3F5008BED80 /* intripTests */ = {
			isa = PBXNativeTarget;
			buildConfigurationList = 120FF5D6276CE3F5008BED80 /* Build configuration list for PBXNativeTarget "intripTests" */;
			buildPhases = (
				120FF5BB276CE3F5008BED80 /* Sources */,
				120FF5BC276CE3F5008BED80 /* Frameworks */,
				120FF5BD276CE3F5008BED80 /* Resources */,
			);
			buildRules = (
			);
			dependencies = (
				120FF5C1276CE3F5008BED80 /* PBXTargetDependency */,
			);
			name = intripTests;
			productName = intripTests;
			productReference = 120FF5BF276CE3F5008BED80 /* intripTests.xctest */;
			productType = "com.apple.product-type.bundle.unit-test";
		};
/* End PBXNativeTarget section */

/* Begin PBXProject section */
		120FF5A1276CE3F3008BED80 /* Project object */ = {
			isa = PBXProject;
			attributes = {
				BuildIndependentTargetsInParallel = 1;
				LastSwiftUpdateCheck = 1320;
				LastUpgradeCheck = 1320;
				TargetAttributes = {
					120FF5A8276CE3F3008BED80 = {
						CreatedOnToolsVersion = 13.2;
					};
					120FF5BE276CE3F5008BED80 = {
						CreatedOnToolsVersion = 13.2;
						TestTargetID = 120FF5A8276CE3F3008BED80;
					};
				};
			};
			buildConfigurationList = 120FF5A4276CE3F3008BED80 /* Build configuration list for PBXProject "intrip" */;
			compatibilityVersion = "Xcode 13.0";
			developmentRegion = en;
			hasScannedForEncodings = 0;
			knownRegions = (
				en,
				Base,
			);
			mainGroup = 120FF5A0276CE3F3008BED80;
			productRefGroup = 120FF5AA276CE3F3008BED80 /* Products */;
			projectDirPath = "";
			projectRoot = "";
			targets = (
				120FF5A8276CE3F3008BED80 /* intrip */,
				120FF5BE276CE3F5008BED80 /* intripTests */,
			);
		};
/* End PBXProject section */

/* Begin PBXResourcesBuildPhase section */
		120FF5A7276CE3F3008BED80 /* Resources */ = {
			isa = PBXResourcesBuildPhase;
			buildActionMask = 2147483647;
			files = (
				120FF5B9276CE3F4008BED80 /* LaunchScreen.storyboard in Resources */,
				120FF5B6276CE3F4008BED80 /* Assets.xcassets in Resources */,
				1229D3822789D44D00EEF1B4 /* SourceLang.json in Resources */,
				120FF5B4276CE3F3008BED80 /* Main.storyboard in Resources */,
			);
			runOnlyForDeploymentPostprocessing = 0;
		};
		120FF5BD276CE3F5008BED80 /* Resources */ = {
			isa = PBXResourcesBuildPhase;
			buildActionMask = 2147483647;
			files = (
				1229D37227885DE400EEF1B4 /* WeatherData.json in Resources */,
				1256EE9C27778E6A00A39B34 /* Fixer.json in Resources */,
				12184C6E2797357100B66C59 /* DeeplData.json in Resources */,
			);
			runOnlyForDeploymentPostprocessing = 0;
		};
/* End PBXResourcesBuildPhase section */

/* Begin PBXSourcesBuildPhase section */
		120FF5A5276CE3F3008BED80 /* Sources */ = {
			isa = PBXSourcesBuildPhase;
			buildActionMask = 2147483647;
			files = (
				12638DB02771104B00631D6B /* Download.swift in Sources */,
				1219E8AB278CDAAA00502C07 /* Download+Ext.swift in Sources */,
				12638D7B276FD10C00631D6B /* ViewControllerExchange.swift in Sources */,
				12638DB72774721A00631D6B /* ApiKeys.swift in Sources */,
				12638DA42770932F00631D6B /* ModelExchange.swift in Sources */,
				12638DA62770935300631D6B /* ModelTranslate.swift in Sources */,
				12638D7D276FD15F00631D6B /* ViewControllerTranslate.swift in Sources */,
				120FF5AD276CE3F3008BED80 /* AppDelegate.swift in Sources */,
				12184C6C2796BEDB00B66C59 /* SaveInUserDefault.swift in Sources */,
				12CE4161278AFA4B0009500E /* Language.swift in Sources */,
				12638DA82770936400631D6B /* ModelWeather.swift in Sources */,
				12A51836277B27150083B09B /* Currencies.swift in Sources */,
				1219E8AE278D900B00502C07 /* ViewControllerTranslate+Ext.swift in Sources */,
				12638D7F276FD17D00631D6B /* ViewControllerWeather.swift in Sources */,
				12638DB52773427000631D6B /* ModelExchange+Ext.swift in Sources */,
				12638DB92774D15C00631D6B /* OneFileManager.swift in Sources */,
				12E7990827844C2A008B446F /* WeatherCity.swift in Sources */,
				12638DAD2771102E00631D6B /* Constants.swift in Sources */,
				1219E8A9278C92B600502C07 /* ResponseDeepl.swift in Sources */,
				12638DB2277329A700631D6B /* ItemFixer.swift in Sources */,
				12E7990A27849DC2008B446F /* OpenWeatherMap.swift in Sources */,
			);
			runOnlyForDeploymentPostprocessing = 0;
		};
		120FF5BB276CE3F5008BED80 /* Sources */ = {
			isa = PBXSourcesBuildPhase;
			buildActionMask = 2147483647;
			files = (
				1273DD72278EDAED0049FCFA /* ModelExchangeTestCase.swift in Sources */,
				1273DD70278EDAD20049FCFA /* ModelWeatherTestCase.swift in Sources */,
				1229D37A2788B0A600EEF1B4 /* CurrenciesTestCase.swift in Sources */,
				12C4F21327981B7C00EC9F0B /* FakeDownload.swift in Sources */,
				1229D378278892F100EEF1B4 /* OneFileManagerTestCase.swift in Sources */,
				1273DD6E278EDAB00049FCFA /* ModelTranslateTestCase.swift in Sources */,
				1256EE9E27778ED600A39B34 /* FakeResponseDataFixer.swift in Sources */,
				1256EEA2277883CC00A39B34 /* DownloadTestCase.swift in Sources */,
				1219E8B0278DDBEF00502C07 /* FakeResponseDataTranslate.swift in Sources */,
				1256EEA02778620B00A39B34 /* URLSessionFake.swift in Sources */,
				1229D37627886A5100EEF1B4 /* FakeResponseDataWeather.swift in Sources */,
			);
			runOnlyForDeploymentPostprocessing = 0;
		};
/* End PBXSourcesBuildPhase section */

/* Begin PBXTargetDependency section */
		120FF5C1276CE3F5008BED80 /* PBXTargetDependency */ = {
			isa = PBXTargetDependency;
			target = 120FF5A8276CE3F3008BED80 /* intrip */;
			targetProxy = 120FF5C0276CE3F5008BED80 /* PBXContainerItemProxy */;
		};
/* End PBXTargetDependency section */

/* Begin PBXVariantGroup section */
		120FF5B2276CE3F3008BED80 /* Main.storyboard */ = {
			isa = PBXVariantGroup;
			children = (
				120FF5B3276CE3F3008BED80 /* Base */,
			);
			name = Main.storyboard;
			sourceTree = "<group>";
		};
		120FF5B7276CE3F4008BED80 /* LaunchScreen.storyboard */ = {
			isa = PBXVariantGroup;
			children = (
				120FF5B8276CE3F4008BED80 /* Base */,
			);
			name = LaunchScreen.storyboard;
			sourceTree = "<group>";
		};
/* End PBXVariantGroup section */

/* Begin XCBuildConfiguration section */
		120FF5D1276CE3F5008BED80 /* Debug */ = {
			isa = XCBuildConfiguration;
			buildSettings = {
				ALWAYS_SEARCH_USER_PATHS = NO;
				CLANG_ANALYZER_NONNULL = YES;
				CLANG_ANALYZER_NUMBER_OBJECT_CONVERSION = YES_AGGRESSIVE;
				CLANG_CXX_LANGUAGE_STANDARD = "gnu++17";
				CLANG_CXX_LIBRARY = "libc++";
				CLANG_ENABLE_MODULES = YES;
				CLANG_ENABLE_OBJC_ARC = YES;
				CLANG_ENABLE_OBJC_WEAK = YES;
				CLANG_WARN_BLOCK_CAPTURE_AUTORELEASING = YES;
				CLANG_WARN_BOOL_CONVERSION = YES;
				CLANG_WARN_COMMA = YES;
				CLANG_WARN_CONSTANT_CONVERSION = YES;
				CLANG_WARN_DEPRECATED_OBJC_IMPLEMENTATIONS = YES;
				CLANG_WARN_DIRECT_OBJC_ISA_USAGE = YES_ERROR;
				CLANG_WARN_DOCUMENTATION_COMMENTS = YES;
				CLANG_WARN_EMPTY_BODY = YES;
				CLANG_WARN_ENUM_CONVERSION = YES;
				CLANG_WARN_INFINITE_RECURSION = YES;
				CLANG_WARN_INT_CONVERSION = YES;
				CLANG_WARN_NON_LITERAL_NULL_CONVERSION = YES;
				CLANG_WARN_OBJC_IMPLICIT_RETAIN_SELF = YES;
				CLANG_WARN_OBJC_LITERAL_CONVERSION = YES;
				CLANG_WARN_OBJC_ROOT_CLASS = YES_ERROR;
				CLANG_WARN_QUOTED_INCLUDE_IN_FRAMEWORK_HEADER = YES;
				CLANG_WARN_RANGE_LOOP_ANALYSIS = YES;
				CLANG_WARN_STRICT_PROTOTYPES = YES;
				CLANG_WARN_SUSPICIOUS_MOVE = YES;
				CLANG_WARN_UNGUARDED_AVAILABILITY = YES_AGGRESSIVE;
				CLANG_WARN_UNREACHABLE_CODE = YES;
				CLANG_WARN__DUPLICATE_METHOD_MATCH = YES;
				COPY_PHASE_STRIP = NO;
				DEBUG_INFORMATION_FORMAT = dwarf;
				ENABLE_STRICT_OBJC_MSGSEND = YES;
				ENABLE_TESTABILITY = YES;
				GCC_C_LANGUAGE_STANDARD = gnu11;
				GCC_DYNAMIC_NO_PIC = NO;
				GCC_NO_COMMON_BLOCKS = YES;
				GCC_OPTIMIZATION_LEVEL = 0;
				GCC_PREPROCESSOR_DEFINITIONS = (
					"DEBUG=1",
					"$(inherited)",
				);
				GCC_WARN_64_TO_32_BIT_CONVERSION = YES;
				GCC_WARN_ABOUT_RETURN_TYPE = YES_ERROR;
				GCC_WARN_UNDECLARED_SELECTOR = YES;
				GCC_WARN_UNINITIALIZED_AUTOS = YES_AGGRESSIVE;
				GCC_WARN_UNUSED_FUNCTION = YES;
				GCC_WARN_UNUSED_VARIABLE = YES;
				IPHONEOS_DEPLOYMENT_TARGET = 11.0;
				MTL_ENABLE_DEBUG_INFO = INCLUDE_SOURCE;
				MTL_FAST_MATH = YES;
				ONLY_ACTIVE_ARCH = YES;
				SDKROOT = iphoneos;
				SWIFT_ACTIVE_COMPILATION_CONDITIONS = DEBUG;
				SWIFT_OPTIMIZATION_LEVEL = "-Onone";
			};
			name = Debug;
		};
		120FF5D2276CE3F5008BED80 /* Release */ = {
			isa = XCBuildConfiguration;
			buildSettings = {
				ALWAYS_SEARCH_USER_PATHS = NO;
				CLANG_ANALYZER_NONNULL = YES;
				CLANG_ANALYZER_NUMBER_OBJECT_CONVERSION = YES_AGGRESSIVE;
				CLANG_CXX_LANGUAGE_STANDARD = "gnu++17";
				CLANG_CXX_LIBRARY = "libc++";
				CLANG_ENABLE_MODULES = YES;
				CLANG_ENABLE_OBJC_ARC = YES;
				CLANG_ENABLE_OBJC_WEAK = YES;
				CLANG_WARN_BLOCK_CAPTURE_AUTORELEASING = YES;
				CLANG_WARN_BOOL_CONVERSION = YES;
				CLANG_WARN_COMMA = YES;
				CLANG_WARN_CONSTANT_CONVERSION = YES;
				CLANG_WARN_DEPRECATED_OBJC_IMPLEMENTATIONS = YES;
				CLANG_WARN_DIRECT_OBJC_ISA_USAGE = YES_ERROR;
				CLANG_WARN_DOCUMENTATION_COMMENTS = YES;
				CLANG_WARN_EMPTY_BODY = YES;
				CLANG_WARN_ENUM_CONVERSION = YES;
				CLANG_WARN_INFINITE_RECURSION = YES;
				CLANG_WARN_INT_CONVERSION = YES;
				CLANG_WARN_NON_LITERAL_NULL_CONVERSION = YES;
				CLANG_WARN_OBJC_IMPLICIT_RETAIN_SELF = YES;
				CLANG_WARN_OBJC_LITERAL_CONVERSION = YES;
				CLANG_WARN_OBJC_ROOT_CLASS = YES_ERROR;
				CLANG_WARN_QUOTED_INCLUDE_IN_FRAMEWORK_HEADER = YES;
				CLANG_WARN_RANGE_LOOP_ANALYSIS = YES;
				CLANG_WARN_STRICT_PROTOTYPES = YES;
				CLANG_WARN_SUSPICIOUS_MOVE = YES;
				CLANG_WARN_UNGUARDED_AVAILABILITY = YES_AGGRESSIVE;
				CLANG_WARN_UNREACHABLE_CODE = YES;
				CLANG_WARN__DUPLICATE_METHOD_MATCH = YES;
				COPY_PHASE_STRIP = NO;
				DEBUG_INFORMATION_FORMAT = "dwarf-with-dsym";
				ENABLE_NS_ASSERTIONS = NO;
				ENABLE_STRICT_OBJC_MSGSEND = YES;
				GCC_C_LANGUAGE_STANDARD = gnu11;
				GCC_NO_COMMON_BLOCKS = YES;
				GCC_WARN_64_TO_32_BIT_CONVERSION = YES;
				GCC_WARN_ABOUT_RETURN_TYPE = YES_ERROR;
				GCC_WARN_UNDECLARED_SELECTOR = YES;
				GCC_WARN_UNINITIALIZED_AUTOS = YES_AGGRESSIVE;
				GCC_WARN_UNUSED_FUNCTION = YES;
				GCC_WARN_UNUSED_VARIABLE = YES;
				IPHONEOS_DEPLOYMENT_TARGET = 11.0;
				MTL_ENABLE_DEBUG_INFO = NO;
				MTL_FAST_MATH = YES;
				SDKROOT = iphoneos;
				SWIFT_COMPILATION_MODE = wholemodule;
				SWIFT_OPTIMIZATION_LEVEL = "-O";
				VALIDATE_PRODUCT = YES;
			};
			name = Release;
		};
		120FF5D4276CE3F5008BED80 /* Debug */ = {
			isa = XCBuildConfiguration;
			buildSettings = {
				ASSETCATALOG_COMPILER_APPICON_NAME = AppIcon;
				ASSETCATALOG_COMPILER_GLOBAL_ACCENT_COLOR_NAME = AccentColor;
				ASSETCATALOG_COMPILER_INCLUDE_ALL_APPICON_ASSETS = YES;
				CODE_SIGN_STYLE = Automatic;
				CURRENT_PROJECT_VERSION = 1;
				DEVELOPMENT_TEAM = 6J7DSRP43M;
				GENERATE_INFOPLIST_FILE = YES;
				INFOPLIST_FILE = intrip/Info.plist;
				INFOPLIST_KEY_UIApplicationSupportsIndirectInputEvents = YES;
				INFOPLIST_KEY_UILaunchStoryboardName = LaunchScreen;
				INFOPLIST_KEY_UIMainStoryboardFile = Main;
				INFOPLIST_KEY_UISupportedInterfaceOrientations = UIInterfaceOrientationPortrait;
				IPHONEOS_DEPLOYMENT_TARGET = 11.0;
				LD_RUNPATH_SEARCH_PATHS = (
					"$(inherited)",
					"@executable_path/Frameworks",
				);
				MARKETING_VERSION = 1.0;
				PRODUCT_BUNDLE_IDENTIFIER = fr.gdvd.intrip;
				PRODUCT_NAME = "$(TARGET_NAME)";
				SWIFT_EMIT_LOC_STRINGS = YES;
				SWIFT_VERSION = 5.0;
				TARGETED_DEVICE_FAMILY = 1;
			};
			name = Debug;
		};
		120FF5D5276CE3F5008BED80 /* Release */ = {
			isa = XCBuildConfiguration;
			buildSettings = {
				ASSETCATALOG_COMPILER_APPICON_NAME = AppIcon;
				ASSETCATALOG_COMPILER_GLOBAL_ACCENT_COLOR_NAME = AccentColor;
				ASSETCATALOG_COMPILER_INCLUDE_ALL_APPICON_ASSETS = YES;
				CODE_SIGN_STYLE = Automatic;
				CURRENT_PROJECT_VERSION = 1;
				DEVELOPMENT_TEAM = 6J7DSRP43M;
				GENERATE_INFOPLIST_FILE = YES;
				INFOPLIST_FILE = intrip/Info.plist;
				INFOPLIST_KEY_UIApplicationSupportsIndirectInputEvents = YES;
				INFOPLIST_KEY_UILaunchStoryboardName = LaunchScreen;
				INFOPLIST_KEY_UIMainStoryboardFile = Main;
				INFOPLIST_KEY_UISupportedInterfaceOrientations = UIInterfaceOrientationPortrait;
				IPHONEOS_DEPLOYMENT_TARGET = 11.0;
				LD_RUNPATH_SEARCH_PATHS = (
					"$(inherited)",
					"@executable_path/Frameworks",
				);
				MARKETING_VERSION = 1.0;
				PRODUCT_BUNDLE_IDENTIFIER = fr.gdvd.intrip;
				PRODUCT_NAME = "$(TARGET_NAME)";
				SWIFT_EMIT_LOC_STRINGS = YES;
				SWIFT_VERSION = 5.0;
				TARGETED_DEVICE_FAMILY = 1;
			};
			name = Release;
		};
		120FF5D7276CE3F5008BED80 /* Debug */ = {
			isa = XCBuildConfiguration;
			buildSettings = {
				ALWAYS_EMBED_SWIFT_STANDARD_LIBRARIES = YES;
				BUNDLE_LOADER = "$(TEST_HOST)";
				CODE_SIGN_STYLE = Automatic;
				CURRENT_PROJECT_VERSION = 1;
				DEVELOPMENT_TEAM = 6J7DSRP43M;
				GENERATE_INFOPLIST_FILE = YES;
				IPHONEOS_DEPLOYMENT_TARGET = 11.0;
				MARKETING_VERSION = 1.0;
				PRODUCT_BUNDLE_IDENTIFIER = fr.gdvd.intripTests;
				PRODUCT_NAME = "$(TARGET_NAME)";
				SWIFT_EMIT_LOC_STRINGS = NO;
				SWIFT_VERSION = 5.0;
				TARGETED_DEVICE_FAMILY = 1;
				TEST_HOST = "$(BUILT_PRODUCTS_DIR)/intrip.app/intrip";
			};
			name = Debug;
		};
		120FF5D8276CE3F5008BED80 /* Release */ = {
			isa = XCBuildConfiguration;
			buildSettings = {
				ALWAYS_EMBED_SWIFT_STANDARD_LIBRARIES = YES;
				BUNDLE_LOADER = "$(TEST_HOST)";
				CODE_SIGN_STYLE = Automatic;
				CURRENT_PROJECT_VERSION = 1;
				DEVELOPMENT_TEAM = 6J7DSRP43M;
				GENERATE_INFOPLIST_FILE = YES;
				IPHONEOS_DEPLOYMENT_TARGET = 11.0;
				MARKETING_VERSION = 1.0;
				PRODUCT_BUNDLE_IDENTIFIER = fr.gdvd.intripTests;
				PRODUCT_NAME = "$(TARGET_NAME)";
				SWIFT_EMIT_LOC_STRINGS = NO;
				SWIFT_VERSION = 5.0;
				TARGETED_DEVICE_FAMILY = 1;
				TEST_HOST = "$(BUILT_PRODUCTS_DIR)/intrip.app/intrip";
			};
			name = Release;
		};
/* End XCBuildConfiguration section */

/* Begin XCConfigurationList section */
		120FF5A4276CE3F3008BED80 /* Build configuration list for PBXProject "intrip" */ = {
			isa = XCConfigurationList;
			buildConfigurations = (
				120FF5D1276CE3F5008BED80 /* Debug */,
				120FF5D2276CE3F5008BED80 /* Release */,
			);
			defaultConfigurationIsVisible = 0;
			defaultConfigurationName = Release;
		};
		120FF5D3276CE3F5008BED80 /* Build configuration list for PBXNativeTarget "intrip" */ = {
			isa = XCConfigurationList;
			buildConfigurations = (
				120FF5D4276CE3F5008BED80 /* Debug */,
				120FF5D5276CE3F5008BED80 /* Release */,
			);
			defaultConfigurationIsVisible = 0;
			defaultConfigurationName = Release;
		};
		120FF5D6276CE3F5008BED80 /* Build configuration list for PBXNativeTarget "intripTests" */ = {
			isa = XCConfigurationList;
			buildConfigurations = (
				120FF5D7276CE3F5008BED80 /* Debug */,
				120FF5D8276CE3F5008BED80 /* Release */,
			);
			defaultConfigurationIsVisible = 0;
			defaultConfigurationName = Release;
		};
/* End XCConfigurationList section */
	};
	rootObject = 120FF5A1276CE3F3008BED80 /* Project object */;
}
